
Microsoft Visual Studio Solution File, Format Version 12.00
# Visual Studio 15
VisualStudioVersion = 15.0.28307.106
MinimumVisualStudioVersion = 10.0.40219.1
Project("{FAE04EC0-301F-11D3-BF4B-00C04F79EFBC}") = "VaktiHazar.CustomFormApplication.Entities", "VaktiHazar.CustomFormApplication.Entities\VaktiHazar.CustomFormApplication.Entities.csproj", "{166EFE4E-C218-4AFD-98DF-04551916DC0D}"
EndProject
Project("{FAE04EC0-301F-11D3-BF4B-00C04F79EFBC}") = "VaktiHazar.CustomFormApplication.Business", "VaktiHazar.CustomFormApplication.Business\VaktiHazar.CustomFormApplication.Business.csproj", "{8DDB0915-4178-4055-9E65-37B1ED959DA6}"
EndProject
Project("{FAE04EC0-301F-11D3-BF4B-00C04F79EFBC}") = "VaktiHazar.CustomFormApplication.DataAccess", "VaktiHazar.CustomFormApplication.DataAccess\VaktiHazar.CustomFormApplication.DataAccess.csproj", "{584FA1AC-F539-402B-8348-B17B02A7E6E2}"
EndProject
Project("{FAE04EC0-301F-11D3-BF4B-00C04F79EFBC}") = "VaktiHazar.CustomFormApplication.MvcWebUI", "VaktiHazar.CustomFormApplication.MvcWebUI\VaktiHazar.CustomFormApplication.MvcWebUI.csproj", "{2A5952D6-76F1-4536-8492-B2C08D96A272}"
EndProject
Global
	GlobalSection(SolutionConfigurationPlatforms) = preSolution
		Debug|Any CPU = Debug|Any CPU
		Release|Any CPU = Release|Any CPU
	EndGlobalSection
	GlobalSection(ProjectConfigurationPlatforms) = postSolution
		{166EFE4E-C218-4AFD-98DF-04551916DC0D}.Debug|Any CPU.ActiveCfg = Debug|Any CPU
		{166EFE4E-C218-4AFD-98DF-04551916DC0D}.Debug|Any CPU.Build.0 = Debug|Any CPU
		{166EFE4E-C218-4AFD-98DF-04551916DC0D}.Release|Any CPU.ActiveCfg = Release|Any CPU
		{166EFE4E-C218-4AFD-98DF-04551916DC0D}.Release|Any CPU.Build.0 = Release|Any CPU
		{8DDB0915-4178-4055-9E65-37B1ED959DA6}.Debug|Any CPU.ActiveCfg = Debug|Any CPU
		{8DDB0915-4178-4055-9E65-37B1ED959DA6}.Debug|Any CPU.Build.0 = Debug|Any CPU
		{8DDB0915-4178-4055-9E65-37B1ED959DA6}.Release|Any CPU.ActiveCfg = Release|Any CPU
		{8DDB0915-4178-4055-9E65-37B1ED959DA6}.Release|Any CPU.Build.0 = Release|Any CPU
		{584FA1AC-F539-402B-8348-B17B02A7E6E2}.Debug|Any CPU.ActiveCfg = Debug|Any CPU
		{584FA1AC-F539-402B-8348-B17B02A7E6E2}.Debug|Any CPU.Build.0 = Debug|Any CPU
		{584FA1AC-F539-402B-8348-B17B02A7E6E2}.Release|Any CPU.ActiveCfg = Release|Any CPU
		{584FA1AC-F539-402B-8348-B17B02A7E6E2}.Release|Any CPU.Build.0 = Release|Any CPU
		{2A5952D6-76F1-4536-8492-B2C08D96A272}.Debug|Any CPU.ActiveCfg = Debug|Any CPU
		{2A5952D6-76F1-4536-8492-B2C08D96A272}.Debug|Any CPU.Build.0 = Debug|Any CPU
		{2A5952D6-76F1-4536-8492-B2C08D96A272}.Release|Any CPU.ActiveCfg = Release|Any CPU
		{2A5952D6-76F1-4536-8492-B2C08D96A272}.Release|Any CPU.Build.0 = Release|Any CPU
	EndGlobalSection
	GlobalSection(SolutionProperties) = preSolution
		HideSolutionNode = FALSE
	EndGlobalSection
	GlobalSection(ExtensibilityGlobals) = postSolution
		SolutionGuid = {B354E18C-70C3-42B9-B150-B3DC1BB110CB}
	EndGlobalSection
EndGlobal
